{
  "name": "blog-app",
  "version": "0.1.0",
  "lockfileVersion": 2,
  "requires": true,
  "packages": {
    "": {
      "name": "blog-app",
      "version": "0.1.0",
      "devDependencies": {
        "@types/draftjs-to-html": "^0.8.1",
        "@types/jquery": "^3.5.14",
        "@types/react-draft-wysiwyg": "^1.13.4",
        "@types/react-tag-autocomplete": "^6.1.1"
      }
    },
    "node_modules/@types/draft-js": {
      "version": "0.11.9",
      "resolved": "https://registry.npmjs.org/@types/draft-js/-/draft-js-0.11.9.tgz",
      "integrity": "sha512-cQJBZjjIlGaPA1tOY+wGz2KhlPtAAZOIXpUvGPxPRw5uzZ2tcj8m6Yu1QDV9YgP36+cqE3cUvgkARBzgUiuI/Q==",
      "dev": true,
      "dependencies": {
        "@types/react": "*",
        "immutable": "~3.7.4"
      }
    },
    "node_modules/@types/draft-js/node_modules/immutable": {
      "version": "3.7.6",
      "resolved": "https://registry.npmjs.org/immutable/-/immutable-3.7.6.tgz",
      "integrity": "sha512-AizQPcaofEtO11RZhPPHBOJRdo/20MKQF9mBLnVkBoyHi1/zXK8fzVdnEpSV9gxqtnh6Qomfp3F0xT5qP/vThw==",
      "dev": true,
      "engines": {
        "node": ">=0.8.0"
      }
    },
    "node_modules/@types/draftjs-to-html": {
      "version": "0.8.1",
      "resolved": "https://registry.npmjs.org/@types/draftjs-to-html/-/draftjs-to-html-0.8.1.tgz",
      "integrity": "sha512-NBkphQs+qZ/sAz/j1pCUaxkPAOx00LTsE88aMSSfcvK+UfCpjHJDqIMCkm6wKotuJvY5w0BtdRazQ0sAaXzPdg==",
      "dev": true,
      "dependencies": {
        "@types/draft-js": "*"
      }
    },
    "node_modules/@types/jquery": {
      "version": "3.5.14",
      "resolved": "https://registry.npmjs.org/@types/jquery/-/jquery-3.5.14.tgz",
      "integrity": "sha512-X1gtMRMbziVQkErhTQmSe2jFwwENA/Zr+PprCkF63vFq+Yt5PZ4AlKqgmeNlwgn7dhsXEK888eIW2520EpC+xg==",
      "dev": true,
      "dependencies": {
        "@types/sizzle": "*"
      }
    },
    "node_modules/@types/prop-types": {
      "version": "15.7.5",
      "resolved": "https://registry.npmjs.org/@types/prop-types/-/prop-types-15.7.5.tgz",
      "integrity": "sha512-JCB8C6SnDoQf0cNycqd/35A7MjcnK+ZTqE7judS6o7utxUCg6imJg3QK2qzHKszlTjcj2cn+NwMB2i96ubpj7w==",
      "dev": true
    },
    "node_modules/@types/react": {
      "version": "18.0.17",
      "resolved": "https://registry.npmjs.org/@types/react/-/react-18.0.17.tgz",
      "integrity": "sha512-38ETy4tL+rn4uQQi7mB81G7V1g0u2ryquNmsVIOKUAEIDK+3CUjZ6rSRpdvS99dNBnkLFL83qfmtLacGOTIhwQ==",
      "dev": true,
      "dependencies": {
        "@types/prop-types": "*",
        "@types/scheduler": "*",
        "csstype": "^3.0.2"
      }
    },
    "node_modules/@types/react-draft-wysiwyg": {
      "version": "1.13.4",
      "resolved": "https://registry.npmjs.org/@types/react-draft-wysiwyg/-/react-draft-wysiwyg-1.13.4.tgz",
      "integrity": "sha512-wasD1t78JDmQvdPDRPf/mf5FSHMlncunW0F6KMOKB3awzi3Wi21yHMGsRAUOkfTr3R8F+yceG8fSLz0kYWu/QA==",
      "dev": true,
      "dependencies": {
        "@types/draft-js": "*",
        "@types/react": "*"
      }
    },
    "node_modules/@types/react-tag-autocomplete": {
      "version": "6.1.1",
      "resolved": "https://registry.npmjs.org/@types/react-tag-autocomplete/-/react-tag-autocomplete-6.1.1.tgz",
      "integrity": "sha512-/mVNQUHXtKGihHBP/q0znL/CHbtrZL82t8ch/msQCkywqDkoZeE7QzhyLTG535Y/estsI6EcJi8Jd5HersPHuw==",
      "dev": true,
      "dependencies": {
        "@types/react": "*"
      }
    },
    "node_modules/@types/scheduler": {
      "version": "0.16.2",
      "resolved": "https://registry.npmjs.org/@types/scheduler/-/scheduler-0.16.2.tgz",
      "integrity": "sha512-hppQEBDmlwhFAXKJX2KnWLYu5yMfi91yazPb2l+lbJiwW+wdo1gNeRA+3RgNSO39WYX2euey41KEwnqesU2Jew==",
      "dev": true
    },
    "node_modules/@types/sizzle": {
      "version": "2.3.3",
      "resolved": "https://registry.npmjs.org/@types/sizzle/-/sizzle-2.3.3.tgz",
      "integrity": "sha512-JYM8x9EGF163bEyhdJBpR2QX1R5naCJHC8ucJylJ3w9/CVBaskdQ8WqBf8MmQrd1kRvp/a4TS8HJ+bxzR7ZJYQ==",
      "dev": true
    },
    "node_modules/csstype": {
      "version": "3.1.0",
      "resolved": "https://registry.npmjs.org/csstype/-/csstype-3.1.0.tgz",
      "integrity": "sha512-uX1KG+x9h5hIJsaKR9xHUeUraxf8IODOwq9JLNPq6BwB04a/xgpq3rcx47l5BZu5zBPlgD342tdke3Hom/nJRA==",
      "dev": true
    }
  },
  "dependencies": {
    "@types/draft-js": {
      "version": "0.11.9",
      "resolved": "https://registry.npmjs.org/@types/draft-js/-/draft-js-0.11.9.tgz",
      "integrity": "sha512-cQJBZjjIlGaPA1tOY+wGz2KhlPtAAZOIXpUvGPxPRw5uzZ2tcj8m6Yu1QDV9YgP36+cqE3cUvgkARBzgUiuI/Q==",
      "dev": true,
      "requires": {
        "@types/react": "*",
        "immutable": "~3.7.4"
      },
      "dependencies": {
        "immutable": {
          "version": "3.7.6",
          "resolved": "https://registry.npmjs.org/immutable/-/immutable-3.7.6.tgz",
          "integrity": "sha512-AizQPcaofEtO11RZhPPHBOJRdo/20MKQF9mBLnVkBoyHi1/zXK8fzVdnEpSV9gxqtnh6Qomfp3F0xT5qP/vThw==",
          "dev": true
        }
      }
    },
    "@types/draftjs-to-html": {
      "version": "0.8.1",
      "resolved": "https://registry.npmjs.org/@types/draftjs-to-html/-/draftjs-to-html-0.8.1.tgz",
      "integrity": "sha512-NBkphQs+qZ/sAz/j1pCUaxkPAOx00LTsE88aMSSfcvK+UfCpjHJDqIMCkm6wKotuJvY5w0BtdRazQ0sAaXzPdg==",
      "dev": true,
      "requires": {
        "@types/draft-js": "*"
      }
    },
    "@types/jquery": {
      "version": "3.5.14",
      "resolved": "https://registry.npmjs.org/@types/jquery/-/jquery-3.5.14.tgz",
      "integrity": "sha512-X1gtMRMbziVQkErhTQmSe2jFwwENA/Zr+PprCkF63vFq+Yt5PZ4AlKqgmeNlwgn7dhsXEK888eIW2520EpC+xg==",
      "dev": true,
      "requires": {
        "@types/sizzle": "*"
      }
    },
    "@types/prop-types": {
      "version": "15.7.5",
      "resolved": "https://registry.npmjs.org/@types/prop-types/-/prop-types-15.7.5.tgz",
      "integrity": "sha512-JCB8C6SnDoQf0cNycqd/35A7MjcnK+ZTqE7judS6o7utxUCg6imJg3QK2qzHKszlTjcj2cn+NwMB2i96ubpj7w==",
      "dev": true
    },
    "@types/react": {
      "version": "18.0.17",
      "resolved": "https://registry.npmjs.org/@types/react/-/react-18.0.17.tgz",
      "integrity": "sha512-38ETy4tL+rn4uQQi7mB81G7V1g0u2ryquNmsVIOKUAEIDK+3CUjZ6rSRpdvS99dNBnkLFL83qfmtLacGOTIhwQ==",
      "dev": true,
      "requires": {
        "@types/prop-types": "*",
        "@types/scheduler": "*",
        "csstype": "^3.0.2"
      }
    },
    "@types/react-draft-wysiwyg": {
      "version": "1.13.4",
      "resolved": "https://registry.npmjs.org/@types/react-draft-wysiwyg/-/react-draft-wysiwyg-1.13.4.tgz",
      "integrity": "sha512-wasD1t78JDmQvdPDRPf/mf5FSHMlncunW0F6KMOKB3awzi3Wi21yHMGsRAUOkfTr3R8F+yceG8fSLz0kYWu/QA==",
      "dev": true,
      "requires": {
        "@types/draft-js": "*",
        "@types/react": "*"
      }
    },
    "@types/react-tag-autocomplete": {
      "version": "6.1.1",
      "resolved": "https://registry.npmjs.org/@types/react-tag-autocomplete/-/react-tag-autocomplete-6.1.1.tgz",
      "integrity": "sha512-/mVNQUHXtKGihHBP/q0znL/CHbtrZL82t8ch/msQCkywqDkoZeE7QzhyLTG535Y/estsI6EcJi8Jd5HersPHuw==",
      "dev": true,
      "requires": {
        "@types/react": "*"
      }
    },
    "@types/scheduler": {
      "version": "0.16.2",
      "resolved": "https://registry.npmjs.org/@types/scheduler/-/scheduler-0.16.2.tgz",
      "integrity": "sha512-hppQEBDmlwhFAXKJX2KnWLYu5yMfi91yazPb2l+lbJiwW+wdo1gNeRA+3RgNSO39WYX2euey41KEwnqesU2Jew==",
      "dev": true
    },
    "@types/sizzle": {
      "version": "2.3.3",
      "resolved": "https://registry.npmjs.org/@types/sizzle/-/sizzle-2.3.3.tgz",
      "integrity": "sha512-JYM8x9EGF163bEyhdJBpR2QX1R5naCJHC8ucJylJ3w9/CVBaskdQ8WqBf8MmQrd1kRvp/a4TS8HJ+bxzR7ZJYQ==",
      "dev": true
    },
    "csstype": {
      "version": "3.1.0",
      "resolved": "https://registry.npmjs.org/csstype/-/csstype-3.1.0.tgz",
      "integrity": "sha512-uX1KG+x9h5hIJsaKR9xHUeUraxf8IODOwq9JLNPq6BwB04a/xgpq3rcx47l5BZu5zBPlgD342tdke3Hom/nJRA==",
      "dev": true
    }
  }
}
